// !$*UTF8*$!
{
	archiveVersion = 1;
	classes = {
	};
	objectVersion = 46;
	objects = {

/* Begin PBXBuildFile section */
		BF9CB0CB1B67EC1400A88F86 /* AppDelegate.swift in Sources */ = {isa = PBXBuildFile; fileRef = BF9CB0CA1B67EC1400A88F86 /* AppDelegate.swift */; };
		BF9CB0CE1B67EC1400A88F86 /* FitnessApp.xcdatamodeld in Sources */ = {isa = PBXBuildFile; fileRef = BF9CB0CC1B67EC1400A88F86 /* FitnessApp.xcdatamodeld */; };
		BF9CB0D51B67EC1400A88F86 /* Images.xcassets in Resources */ = {isa = PBXBuildFile; fileRef = BF9CB0D41B67EC1400A88F86 /* Images.xcassets */; };
		BF9CB0D81B67EC1400A88F86 /* LaunchScreen.xib in Resources */ = {isa = PBXBuildFile; fileRef = BF9CB0D61B67EC1400A88F86 /* LaunchScreen.xib */; };
		BF9CB0E41B67EC1400A88F86 /* FitnessAppTests.swift in Sources */ = {isa = PBXBuildFile; fileRef = BF9CB0E31B67EC1400A88F86 /* FitnessAppTests.swift */; };
		BF9CB0F11B67F6D700A88F86 /* SWRevealViewController.m in Sources */ = {isa = PBXBuildFile; fileRef = BF9CB0F01B67F6D700A88F86 /* SWRevealViewController.m */; };
		BF9CB1011B6807B100A88F86 /* Main.storyboard in Resources */ = {isa = PBXBuildFile; fileRef = BF9CB1001B6807B100A88F86 /* Main.storyboard */; };
		BF9CB10D1B68096000A88F86 /* HomeViewController.swift in Sources */ = {isa = PBXBuildFile; fileRef = BF9CB10C1B68096000A88F86 /* HomeViewController.swift */; };
		BF9CB10F1B68096B00A88F86 /* MenuViewController.swift in Sources */ = {isa = PBXBuildFile; fileRef = BF9CB10E1B68096B00A88F86 /* MenuViewController.swift */; };
		BF9CB1111B680B4600A88F86 /* LogWorkoutsViewController.swift in Sources */ = {isa = PBXBuildFile; fileRef = BF9CB1101B680B4600A88F86 /* LogWorkoutsViewController.swift */; };
		BF9CB1131B680D7500A88F86 /* ProgressPhotosViewController.swift in Sources */ = {isa = PBXBuildFile; fileRef = BF9CB1121B680D7500A88F86 /* ProgressPhotosViewController.swift */; };
		BF9CB1151B680D7F00A88F86 /* StatsViewController.swift in Sources */ = {isa = PBXBuildFile; fileRef = BF9CB1141B680D7F00A88F86 /* StatsViewController.swift */; };
		BF9CB1171B680D8800A88F86 /* PastWorkoutsViewController.swift in Sources */ = {isa = PBXBuildFile; fileRef = BF9CB1161B680D8800A88F86 /* PastWorkoutsViewController.swift */; };
		BF9CB1191B680D9400A88F86 /* SettingsViewController.swift in Sources */ = {isa = PBXBuildFile; fileRef = BF9CB1181B680D9400A88F86 /* SettingsViewController.swift */; };
		BF9CB1221B68590800A88F86 /* FacebookSDK.framework in Frameworks */ = {isa = PBXBuildFile; fileRef = BF9CB1211B68590800A88F86 /* FacebookSDK.framework */; };
/* End PBXBuildFile section */

/* Begin PBXContainerItemProxy section */
		BF9CB0DE1B67EC1400A88F86 /* PBXContainerItemProxy */ = {
			isa = PBXContainerItemProxy;
			containerPortal = BF9CB0BD1B67EC1300A88F86 /* Project object */;
			proxyType = 1;
			remoteGlobalIDString = BF9CB0C41B67EC1300A88F86;
			remoteInfo = FitnessApp;
		};
/* End PBXContainerItemProxy section */

/* Begin PBXFileReference section */
		BF9CB0C51B67EC1400A88F86 /* FitnessApp.app */ = {isa = PBXFileReference; explicitFileType = wrapper.application; includeInIndex = 0; path = FitnessApp.app; sourceTree = BUILT_PRODUCTS_DIR; };
		BF9CB0C91B67EC1400A88F86 /* Info.plist */ = {isa = PBXFileReference; lastKnownFileType = text.plist.xml; path = Info.plist; sourceTree = "<group>"; };
		BF9CB0CA1B67EC1400A88F86 /* AppDelegate.swift */ = {isa = PBXFileReference; lastKnownFileType = sourcecode.swift; path = AppDelegate.swift; sourceTree = "<group>"; };
		BF9CB0CD1B67EC1400A88F86 /* FitnessApp.xcdatamodel */ = {isa = PBXFileReference; lastKnownFileType = wrapper.xcdatamodel; path = FitnessApp.xcdatamodel; sourceTree = "<group>"; };
		BF9CB0D41B67EC1400A88F86 /* Images.xcassets */ = {isa = PBXFileReference; lastKnownFileType = folder.assetcatalog; path = Images.xcassets; sourceTree = "<group>"; };
		BF9CB0D71B67EC1400A88F86 /* Base */ = {isa = PBXFileReference; lastKnownFileType = file.xib; name = Base; path = Base.lproj/LaunchScreen.xib; sourceTree = "<group>"; };
		BF9CB0DD1B67EC1400A88F86 /* FitnessAppTests.xctest */ = {isa = PBXFileReference; explicitFileType = wrapper.cfbundle; includeInIndex = 0; path = FitnessAppTests.xctest; sourceTree = BUILT_PRODUCTS_DIR; };
		BF9CB0E21B67EC1400A88F86 /* Info.plist */ = {isa = PBXFileReference; lastKnownFileType = text.plist.xml; path = Info.plist; sourceTree = "<group>"; };
		BF9CB0E31B67EC1400A88F86 /* FitnessAppTests.swift */ = {isa = PBXFileReference; lastKnownFileType = sourcecode.swift; path = FitnessAppTests.swift; sourceTree = "<group>"; };
		BF9CB0EE1B67F6D600A88F86 /* FitnessApp-Bridging-Header.h */ = {isa = PBXFileReference; lastKnownFileType = sourcecode.c.h; path = "FitnessApp-Bridging-Header.h"; sourceTree = "<group>"; };
		BF9CB0EF1B67F6D700A88F86 /* SWRevealViewController.h */ = {isa = PBXFileReference; fileEncoding = 4; lastKnownFileType = sourcecode.c.h; path = SWRevealViewController.h; sourceTree = "<group>"; };
		BF9CB0F01B67F6D700A88F86 /* SWRevealViewController.m */ = {isa = PBXFileReference; fileEncoding = 4; lastKnownFileType = sourcecode.c.objc; path = SWRevealViewController.m; sourceTree = "<group>"; };
		BF9CB1001B6807B100A88F86 /* Main.storyboard */ = {isa = PBXFileReference; fileEncoding = 4; lastKnownFileType = file.storyboard; path = Main.storyboard; sourceTree = "<group>"; };
		BF9CB10C1B68096000A88F86 /* HomeViewController.swift */ = {isa = PBXFileReference; fileEncoding = 4; lastKnownFileType = sourcecode.swift; path = HomeViewController.swift; sourceTree = "<group>"; };
		BF9CB10E1B68096B00A88F86 /* MenuViewController.swift */ = {isa = PBXFileReference; fileEncoding = 4; lastKnownFileType = sourcecode.swift; path = MenuViewController.swift; sourceTree = "<group>"; };
		BF9CB1101B680B4600A88F86 /* LogWorkoutsViewController.swift */ = {isa = PBXFileReference; fileEncoding = 4; lastKnownFileType = sourcecode.swift; path = LogWorkoutsViewController.swift; sourceTree = "<group>"; };
		BF9CB1121B680D7500A88F86 /* ProgressPhotosViewController.swift */ = {isa = PBXFileReference; fileEncoding = 4; lastKnownFileType = sourcecode.swift; path = ProgressPhotosViewController.swift; sourceTree = "<group>"; };
		BF9CB1141B680D7F00A88F86 /* StatsViewController.swift */ = {isa = PBXFileReference; fileEncoding = 4; lastKnownFileType = sourcecode.swift; path = StatsViewController.swift; sourceTree = "<group>"; };
		BF9CB1161B680D8800A88F86 /* PastWorkoutsViewController.swift */ = {isa = PBXFileReference; fileEncoding = 4; lastKnownFileType = sourcecode.swift; path = PastWorkoutsViewController.swift; sourceTree = "<group>"; };
		BF9CB1181B680D9400A88F86 /* SettingsViewController.swift */ = {isa = PBXFileReference; fileEncoding = 4; lastKnownFileType = sourcecode.swift; path = SettingsViewController.swift; sourceTree = "<group>"; };
		BF9CB1211B68590800A88F86 /* FacebookSDK.framework */ = {isa = PBXFileReference; lastKnownFileType = wrapper.framework; path = FacebookSDK.framework; sourceTree = "<group>"; };
/* End PBXFileReference section */

/* Begin PBXFrameworksBuildPhase section */
		BF9CB0C21B67EC1300A88F86 /* Frameworks */ = {
			isa = PBXFrameworksBuildPhase;
			buildActionMask = 2147483647;
			files = (
				BF9CB1221B68590800A88F86 /* FacebookSDK.framework in Frameworks */,
			);
			runOnlyForDeploymentPostprocessing = 0;
		};
		BF9CB0DA1B67EC1400A88F86 /* Frameworks */ = {
			isa = PBXFrameworksBuildPhase;
			buildActionMask = 2147483647;
			files = (
			);
			runOnlyForDeploymentPostprocessing = 0;
		};
/* End PBXFrameworksBuildPhase section */

/* Begin PBXGroup section */
		BF9CB0BC1B67EC1300A88F86 = {
			isa = PBXGroup;
			children = (
				BF9CB0C71B67EC1400A88F86 /* FitnessApp */,
				BF9CB0E01B67EC1400A88F86 /* FitnessAppTests */,
				BF9CB0C61B67EC1400A88F86 /* Products */,
			);
			sourceTree = "<group>";
		};
		BF9CB0C61B67EC1400A88F86 /* Products */ = {
			isa = PBXGroup;
			children = (
				BF9CB0C51B67EC1400A88F86 /* FitnessApp.app */,
				BF9CB0DD1B67EC1400A88F86 /* FitnessAppTests.xctest */,
			);
			name = Products;
			sourceTree = "<group>";
		};
		BF9CB0C71B67EC1400A88F86 /* FitnessApp */ = {
			isa = PBXGroup;
			children = (
				BF9CB11A1B68526600A88F86 /* ViewControllers */,
				BF9CB0F21B67F6E900A88F86 /* SWRevealViewController */,
				BF9CB0CA1B67EC1400A88F86 /* AppDelegate.swift */,
				BF9CB1001B6807B100A88F86 /* Main.storyboard */,
				BF9CB0D41B67EC1400A88F86 /* Images.xcassets */,
				BF9CB0D61B67EC1400A88F86 /* LaunchScreen.xib */,
				BF9CB0CC1B67EC1400A88F86 /* FitnessApp.xcdatamodeld */,
				BF9CB0EE1B67F6D600A88F86 /* FitnessApp-Bridging-Header.h */,
				BF9CB1211B68590800A88F86 /* FacebookSDK.framework */,
				BF9CB0C81B67EC1400A88F86 /* Supporting Files */,
			);
			path = FitnessApp;
			sourceTree = "<group>";
		};
		BF9CB0C81B67EC1400A88F86 /* Supporting Files */ = {
			isa = PBXGroup;
			children = (
				BF9CB0C91B67EC1400A88F86 /* Info.plist */,
			);
			name = "Supporting Files";
			sourceTree = "<group>";
		};
		BF9CB0E01B67EC1400A88F86 /* FitnessAppTests */ = {
			isa = PBXGroup;
			children = (
				BF9CB0E31B67EC1400A88F86 /* FitnessAppTests.swift */,
				BF9CB0E11B67EC1400A88F86 /* Supporting Files */,
			);
			path = FitnessAppTests;
			sourceTree = "<group>";
		};
		BF9CB0E11B67EC1400A88F86 /* Supporting Files */ = {
			isa = PBXGroup;
			children = (
				BF9CB0E21B67EC1400A88F86 /* Info.plist */,
			);
			name = "Supporting Files";
			sourceTree = "<group>";
		};
		BF9CB0F21B67F6E900A88F86 /* SWRevealViewController */ = {
			isa = PBXGroup;
			children = (
				BF9CB0EF1B67F6D700A88F86 /* SWRevealViewController.h */,
				BF9CB0F01B67F6D700A88F86 /* SWRevealViewController.m */,
			);
			name = SWRevealViewController;
			sourceTree = "<group>";
		};
		BF9CB11A1B68526600A88F86 /* ViewControllers */ = {
			isa = PBXGroup;
			children = (
				BF9CB10E1B68096B00A88F86 /* MenuViewController.swift */,
				BF9CB10C1B68096000A88F86 /* HomeViewController.swift */,
				BF9CB1101B680B4600A88F86 /* LogWorkoutsViewController.swift */,
				BF9CB1121B680D7500A88F86 /* ProgressPhotosViewController.swift */,
				BF9CB1161B680D8800A88F86 /* PastWorkoutsViewController.swift */,
				BF9CB1141B680D7F00A88F86 /* StatsViewController.swift */,
				BF9CB1181B680D9400A88F86 /* SettingsViewController.swift */,
			);
			name = ViewControllers;
			sourceTree = "<group>";
		};
/* End PBXGroup section */

/* Begin PBXNativeTarget section */
		BF9CB0C41B67EC1300A88F86 /* FitnessApp */ = {
			isa = PBXNativeTarget;
			buildConfigurationList = BF9CB0E71B67EC1400A88F86 /* Build configuration list for PBXNativeTarget "FitnessApp" */;
			buildPhases = (
				BF9CB0C11B67EC1300A88F86 /* Sources */,
				BF9CB0C21B67EC1300A88F86 /* Frameworks */,
				BF9CB0C31B67EC1300A88F86 /* Resources */,
			);
			buildRules = (
			);
			dependencies = (
			);
			name = FitnessApp;
			productName = FitnessApp;
			productReference = BF9CB0C51B67EC1400A88F86 /* FitnessApp.app */;
			productType = "com.apple.product-type.application";
		};
		BF9CB0DC1B67EC1400A88F86 /* FitnessAppTests */ = {
			isa = PBXNativeTarget;
			buildConfigurationList = BF9CB0EA1B67EC1400A88F86 /* Build configuration list for PBXNativeTarget "FitnessAppTests" */;
			buildPhases = (
				BF9CB0D91B67EC1400A88F86 /* Sources */,
				BF9CB0DA1B67EC1400A88F86 /* Frameworks */,
				BF9CB0DB1B67EC1400A88F86 /* Resources */,
			);
			buildRules = (
			);
			dependencies = (
				BF9CB0DF1B67EC1400A88F86 /* PBXTargetDependency */,
			);
			name = FitnessAppTests;
			productName = FitnessAppTests;
			productReference = BF9CB0DD1B67EC1400A88F86 /* FitnessAppTests.xctest */;
			productType = "com.apple.product-type.bundle.unit-test";
		};
/* End PBXNativeTarget section */

/* Begin PBXProject section */
		BF9CB0BD1B67EC1300A88F86 /* Project object */ = {
			isa = PBXProject;
			attributes = {
				LastUpgradeCheck = 0640;
				ORGANIZATIONNAME = RJReid;
				TargetAttributes = {
					BF9CB0C41B67EC1300A88F86 = {
						CreatedOnToolsVersion = 6.4;
					};
					BF9CB0DC1B67EC1400A88F86 = {
						CreatedOnToolsVersion = 6.4;
						TestTargetID = BF9CB0C41B67EC1300A88F86;
					};
				};
			};
			buildConfigurationList = BF9CB0C01B67EC1300A88F86 /* Build configuration list for PBXProject "FitnessApp" */;
			compatibilityVersion = "Xcode 3.2";
			developmentRegion = English;
			hasScannedForEncodings = 0;
			knownRegions = (
				en,
				Base,
			);
			mainGroup = BF9CB0BC1B67EC1300A88F86;
			productRefGroup = BF9CB0C61B67EC1400A88F86 /* Products */;
			projectDirPath = "";
			projectRoot = "";
			targets = (
				BF9CB0C41B67EC1300A88F86 /* FitnessApp */,
				BF9CB0DC1B67EC1400A88F86 /* FitnessAppTests */,
			);
		};
/* End PBXProject section */

/* Begin PBXResourcesBuildPhase section */
		BF9CB0C31B67EC1300A88F86 /* Resources */ = {
			isa = PBXResourcesBuildPhase;
			buildActionMask = 2147483647;
			files = (
				BF9CB1011B6807B100A88F86 /* Main.storyboard in Resources */,
				BF9CB0D81B67EC1400A88F86 /* LaunchScreen.xib in Resources */,
				BF9CB0D51B67EC1400A88F86 /* Images.xcassets in Resources */,
			);
			runOnlyForDeploymentPostprocessing = 0;
		};
		BF9CB0DB1B67EC1400A88F86 /* Resources */ = {
			isa = PBXResourcesBuildPhase;
			buildActionMask = 2147483647;
			files = (
			);
			runOnlyForDeploymentPostprocessing = 0;
		};
/* End PBXResourcesBuildPhase section */

/* Begin PBXSourcesBuildPhase section */
		BF9CB0C11B67EC1300A88F86 /* Sources */ = {
			isa = PBXSourcesBuildPhase;
			buildActionMask = 2147483647;
			files = (
				BF9CB0CE1B67EC1400A88F86 /* FitnessApp.xcdatamodeld in Sources */,
				BF9CB1131B680D7500A88F86 /* ProgressPhotosViewController.swift in Sources */,
				BF9CB1151B680D7F00A88F86 /* StatsViewController.swift in Sources */,
				BF9CB1191B680D9400A88F86 /* SettingsViewController.swift in Sources */,
				BF9CB1171B680D8800A88F86 /* PastWorkoutsViewController.swift in Sources */,
				BF9CB10F1B68096B00A88F86 /* MenuViewController.swift in Sources */,
				BF9CB0CB1B67EC1400A88F86 /* AppDelegate.swift in Sources */,
				BF9CB1111B680B4600A88F86 /* LogWorkoutsViewController.swift in Sources */,
				BF9CB0F11B67F6D700A88F86 /* SWRevealViewController.m in Sources */,
				BF9CB10D1B68096000A88F86 /* HomeViewController.swift in Sources */,
			);
			runOnlyForDeploymentPostprocessing = 0;
		};
		BF9CB0D91B67EC1400A88F86 /* Sources */ = {
			isa = PBXSourcesBuildPhase;
			buildActionMask = 2147483647;
			files = (
				BF9CB0E41B67EC1400A88F86 /* FitnessAppTests.swift in Sources */,
			);
			runOnlyForDeploymentPostprocessing = 0;
		};
/* End PBXSourcesBuildPhase section */

/* Begin PBXTargetDependency section */
		BF9CB0DF1B67EC1400A88F86 /* PBXTargetDependency */ = {
			isa = PBXTargetDependency;
			target = BF9CB0C41B67EC1300A88F86 /* FitnessApp */;
			targetProxy = BF9CB0DE1B67EC1400A88F86 /* PBXContainerItemProxy */;
		};
/* End PBXTargetDependency section */

/* Begin PBXVariantGroup section */
		BF9CB0D61B67EC1400A88F86 /* LaunchScreen.xib */ = {
			isa = PBXVariantGroup;
			children = (
				BF9CB0D71B67EC1400A88F86 /* Base */,
			);
			name = LaunchScreen.xib;
			sourceTree = "<group>";
		};
/* End PBXVariantGroup section */

/* Begin XCBuildConfiguration section */
		BF9CB0E51B67EC1400A88F86 /* Debug */ = {
			isa = XCBuildConfiguration;
			buildSettings = {
				ALWAYS_SEARCH_USER_PATHS = NO;
				CLANG_CXX_LANGUAGE_STANDARD = "gnu++0x";
				CLANG_CXX_LIBRARY = "libc++";
				CLANG_ENABLE_MODULES = YES;
				CLANG_ENABLE_OBJC_ARC = YES;
				CLANG_WARN_BOOL_CONVERSION = YES;
				CLANG_WARN_CONSTANT_CONVERSION = YES;
				CLANG_WARN_DIRECT_OBJC_ISA_USAGE = YES_ERROR;
				CLANG_WARN_EMPTY_BODY = YES;
				CLANG_WARN_ENUM_CONVERSION = YES;
				CLANG_WARN_INT_CONVERSION = YES;
				CLANG_WARN_OBJC_ROOT_CLASS = YES_ERROR;
				CLANG_WARN_UNREACHABLE_CODE = YES;
				CLANG_WARN__DUPLICATE_METHOD_MATCH = YES;
				"CODE_SIGN_IDENTITY[sdk=iphoneos*]" = "iPhone Developer";
				COPY_PHASE_STRIP = NO;
				DEBUG_INFORMATION_FORMAT = "dwarf-with-dsym";
				ENABLE_STRICT_OBJC_MSGSEND = YES;
				GCC_C_LANGUAGE_STANDARD = gnu99;
				GCC_DYNAMIC_NO_PIC = NO;
				GCC_NO_COMMON_BLOCKS = YES;
				GCC_OPTIMIZATION_LEVEL = 0;
				GCC_PREPROCESSOR_DEFINITIONS = (
					"DEBUG=1",
					"$(inherited)",
				);
				GCC_SYMBOLS_PRIVATE_EXTERN = NO;
				GCC_WARN_64_TO_32_BIT_CONVERSION = YES;
				GCC_WARN_ABOUT_RETURN_TYPE = YES_ERROR;
				GCC_WARN_UNDECLARED_SELECTOR = YES;
				GCC_WARN_UNINITIALIZED_AUTOS = YES_AGGRESSIVE;
				GCC_WARN_UNUSED_FUNCTION = YES;
				GCC_WARN_UNUSED_VARIABLE = YES;
				IPHONEOS_DEPLOYMENT_TARGET = 8.4;
				MTL_ENABLE_DEBUG_INFO = YES;
				ONLY_ACTIVE_ARCH = YES;
				SDKROOT = iphoneos;
				SWIFT_OPTIMIZATION_LEVEL = "-Onone";
			};
			name = Debug;
		};
		BF9CB0E61B67EC1400A88F86 /* Release */ = {
			isa = XCBuildConfiguration;
			buildSettings = {
				ALWAYS_SEARCH_USER_PATHS = NO;
				CLANG_CXX_LANGUAGE_STANDARD = "gnu++0x";
				CLANG_CXX_LIBRARY = "libc++";
				CLANG_ENABLE_MODULES = YES;
				CLANG_ENABLE_OBJC_ARC = YES;
				CLANG_WARN_BOOL_CONVERSION = YES;
				CLANG_WARN_CONSTANT_CONVERSION = YES;
				CLANG_WARN_DIRECT_OBJC_ISA_USAGE = YES_ERROR;
				CLANG_WARN_EMPTY_BODY = YES;
				CLANG_WARN_ENUM_CONVERSION = YES;
				CLANG_WARN_INT_CONVERSION = YES;
				CLANG_WARN_OBJC_ROOT_CLASS = YES_ERROR;
				CLANG_WARN_UNREACHABLE_CODE = YES;
				CLANG_WARN__DUPLICATE_METHOD_MATCH = YES;
				"CODE_SIGN_IDENTITY[sdk=iphoneos*]" = "iPhone Developer";
				COPY_PHASE_STRIP = NO;
				DEBUG_INFORMATION_FORMAT = "dwarf-with-dsym";
				ENABLE_NS_ASSERTIONS = NO;
				ENABLE_STRICT_OBJC_MSGSEND = YES;
				GCC_C_LANGUAGE_STANDARD = gnu99;
				GCC_NO_COMMON_BLOCKS = YES;
				GCC_WARN_64_TO_32_BIT_CONVERSION = YES;
				GCC_WARN_ABOUT_RETURN_TYPE = YES_ERROR;
				GCC_WARN_UNDECLARED_SELECTOR = YES;
				GCC_WARN_UNINITIALIZED_AUTOS = YES_AGGRESSIVE;
				GCC_WARN_UNUSED_FUNCTION = YES;
				GCC_WARN_UNUSED_VARIABLE = YES;
				IPHONEOS_DEPLOYMENT_TARGET = 8.4;
				MTL_ENABLE_DEBUG_INFO = NO;
				SDKROOT = iphoneos;
				VALIDATE_PRODUCT = YES;
			};
			name = Release;
		};
		BF9CB0E81B67EC1400A88F86 /* Debug */ = {
			isa = XCBuildConfiguration;
			buildSettings = {
				ASSETCATALOG_COMPILER_APPICON_NAME = AppIcon;
				CLANG_ENABLE_MODULES = YES;
				FRAMEWORK_SEARCH_PATHS = (
					"$(inherited)",
					"$(PROJECT_DIR)",
					"$(PROJECT_DIR)/FitnessApp",
				);
				INFOPLIST_FILE = FitnessApp/Info.plist;
				LD_RUNPATH_SEARCH_PATHS = "$(inherited) @executable_path/Frameworks";
				PRODUCT_NAME = "$(TARGET_NAME)";
				SWIFT_OBJC_BRIDGING_HEADER = "FitnessApp/FitnessApp-Bridging-Header.h";
				SWIFT_OPTIMIZATION_LEVEL = "-Onone";
			};
			name = Debug;
		};
		BF9CB0E91B67EC1400A88F86 /* Release */ = {
			isa = XCBuildConfiguration;
			buildSettings = {
				ASSETCATALOG_COMPILER_APPICON_NAME = AppIcon;
				CLANG_ENABLE_MODULES = YES;
				FRAMEWORK_SEARCH_PATHS = (
					"$(inherited)",
					"$(PROJECT_DIR)",
					"$(PROJECT_DIR)/FitnessApp",
				);
				INFOPLIST_FILE = FitnessApp/Info.plist;
				LD_RUNPATH_SEARCH_PATHS = "$(inherited) @executable_path/Frameworks";
				PRODUCT_NAME = "$(TARGET_NAME)";
				SWIFT_OBJC_BRIDGING_HEADER = "FitnessApp/FitnessApp-Bridging-Header.h";
			};
			name = Release;
		};
		BF9CB0EB1B67EC1400A88F86 /* Debug */ = {
			isa = XCBuildConfiguration;
			buildSettings = {
				BUNDLE_LOADER = "$(TEST_HOST)";
				FRAMEWORK_SEARCH_PATHS = (
					"$(SDKROOT)/Developer/Library/Frameworks",
					"$(inherited)",
				);
				GCC_PREPROCESSOR_DEFINITIONS = (
					"DEBUG=1",
					"$(inherited)",
				);
				INFOPLIST_FILE = FitnessAppTests/Info.plist;
				LD_RUNPATH_SEARCH_PATHS = "$(inherited) @executable_path/Frameworks @loader_path/Frameworks";
				PRODUCT_NAME = "$(TARGET_NAME)";
				TEST_HOST = "$(BUILT_PRODUCTS_DIR)/FitnessApp.app/FitnessApp";
			};
			name = Debug;
		};
		BF9CB0EC1B67EC1400A88F86 /* Release */ = {
			isa = XCBuildConfiguration;
			buildSettings = {
				BUNDLE_LOADER = "$(TEST_HOST)";
				FRAMEWORK_SEARCH_PATHS = (
					"$(SDKROOT)/Developer/Library/Frameworks",
					"$(inherited)",
				);
				INFOPLIST_FILE = FitnessAppTests/Info.plist;
				LD_RUNPATH_SEARCH_PATHS = "$(inherited) @executable_path/Frameworks @loader_path/Frameworks";
				PRODUCT_NAME = "$(TARGET_NAME)";
				TEST_HOST = "$(BUILT_PRODUCTS_DIR)/FitnessApp.app/FitnessApp";
			};
			name = Release;
		};
/* End XCBuildConfiguration section */

/* Begin XCConfigurationList section */
		BF9CB0C01B67EC1300A88F86 /* Build configuration list for PBXProject "FitnessApp" */ = {
			isa = XCConfigurationList;
			buildConfigurations = (
				BF9CB0E51B67EC1400A88F86 /* Debug */,
				BF9CB0E61B67EC1400A88F86 /* Release */,
			);
			defaultConfigurationIsVisible = 0;
			defaultConfigurationName = Release;
		};
		BF9CB0E71B67EC1400A88F86 /* Build configuration list for PBXNativeTarget "FitnessApp" */ = {
			isa = XCConfigurationList;
			buildConfigurations = (
				BF9CB0E81B67EC1400A88F86 /* Debug */,
				BF9CB0E91B67EC1400A88F86 /* Release */,
			);
			defaultConfigurationIsVisible = 0;
		};
		BF9CB0EA1B67EC1400A88F86 /* Build configuration list for PBXNativeTarget "FitnessAppTests" */ = {
			isa = XCConfigurationList;
			buildConfigurations = (
				BF9CB0EB1B67EC1400A88F86 /* Debug */,
				BF9CB0EC1B67EC1400A88F86 /* Release */,
			);
			defaultConfigurationIsVisible = 0;
		};
/* End XCConfigurationList section */

/* Begin XCVersionGroup section */
		BF9CB0CC1B67EC1400A88F86 /* FitnessApp.xcdatamodeld */ = {
			isa = XCVersionGroup;
			children = (
				BF9CB0CD1B67EC1400A88F86 /* FitnessApp.xcdatamodel */,
			);
			currentVersion = BF9CB0CD1B67EC1400A88F86 /* FitnessApp.xcdatamodel */;
			path = FitnessApp.xcdatamodeld;
			sourceTree = "<group>";
			versionGroupType = wrapper.xcdatamodel;
		};
/* End XCVersionGroup section */
	};
	rootObject = BF9CB0BD1B67EC1300A88F86 /* Project object */;
}
